// !$*UTF8*$!
{
	archiveVersion = 1;
	classes = {
	};
	objectVersion = 50;
	objects = {

/* Begin PBXBuildFile section */
		55CCAFB6240D537C00AE7345 /* AppDelegate.swift in Sources */ = {isa = PBXBuildFile; fileRef = 55CCAFB5240D537C00AE7345 /* AppDelegate.swift */; };
		55CCAFB8240D537C00AE7345 /* SceneDelegate.swift in Sources */ = {isa = PBXBuildFile; fileRef = 55CCAFB7240D537C00AE7345 /* SceneDelegate.swift */; };
		55CCAFBA240D537C00AE7345 /* ViewController.swift in Sources */ = {isa = PBXBuildFile; fileRef = 55CCAFB9240D537C00AE7345 /* ViewController.swift */; };
		55CCAFBD240D537C00AE7345 /* Main.storyboard in Resources */ = {isa = PBXBuildFile; fileRef = 55CCAFBB240D537C00AE7345 /* Main.storyboard */; };
		55CCAFBF240D537D00AE7345 /* Assets.xcassets in Resources */ = {isa = PBXBuildFile; fileRef = 55CCAFBE240D537D00AE7345 /* Assets.xcassets */; };
		55CCAFC2240D537D00AE7345 /* LaunchScreen.storyboard in Resources */ = {isa = PBXBuildFile; fileRef = 55CCAFC0240D537D00AE7345 /* LaunchScreen.storyboard */; };
		55CCAFCB240D55A400AE7345 /* NetworkLayer.swift in Sources */ = {isa = PBXBuildFile; fileRef = 55CCAFCA240D55A400AE7345 /* NetworkLayer.swift */; };
/* End PBXBuildFile section */

/* Begin PBXFileReference section */
		55CCAFB2240D537C00AE7345 /* Concurrency_in_iOS.app */ = {isa = PBXFileReference; explicitFileType = wrapper.application; includeInIndex = 0; path = Concurrency_in_iOS.app; sourceTree = BUILT_PRODUCTS_DIR; };
		55CCAFB5240D537C00AE7345 /* AppDelegate.swift */ = {isa = PBXFileReference; lastKnownFileType = sourcecode.swift; path = AppDelegate.swift; sourceTree = "<group>"; };
		55CCAFB7240D537C00AE7345 /* SceneDelegate.swift */ = {isa = PBXFileReference; lastKnownFileType = sourcecode.swift; path = SceneDelegate.swift; sourceTree = "<group>"; };
		55CCAFB9240D537C00AE7345 /* ViewController.swift */ = {isa = PBXFileReference; lastKnownFileType = sourcecode.swift; path = ViewController.swift; sourceTree = "<group>"; };
		55CCAFBC240D537C00AE7345 /* Base */ = {isa = PBXFileReference; lastKnownFileType = file.storyboard; name = Base; path = Base.lproj/Main.storyboard; sourceTree = "<group>"; };
		55CCAFBE240D537D00AE7345 /* Assets.xcassets */ = {isa = PBXFileReference; lastKnownFileType = folder.assetcatalog; path = Assets.xcassets; sourceTree = "<group>"; };
		55CCAFC1240D537D00AE7345 /* Base */ = {isa = PBXFileReference; lastKnownFileType = file.storyboard; name = Base; path = Base.lproj/LaunchScreen.storyboard; sourceTree = "<group>"; };
		55CCAFC3240D537D00AE7345 /* Info.plist */ = {isa = PBXFileReference; lastKnownFileType = text.plist.xml; path = Info.plist; sourceTree = "<group>"; };
		55CCAFCA240D55A400AE7345 /* NetworkLayer.swift */ = {isa = PBXFileReference; lastKnownFileType = sourcecode.swift; path = NetworkLayer.swift; sourceTree = "<group>"; };
/* End PBXFileReference section */

/* Begin PBXFrameworksBuildPhase section */
		55CCAFAF240D537C00AE7345 /* Frameworks */ = {
			isa = PBXFrameworksBuildPhase;
			buildActionMask = 2147483647;
			files = (
			);
			runOnlyForDeploymentPostprocessing = 0;
		};
/* End PBXFrameworksBuildPhase section */

/* Begin PBXGroup section */
		55CCAFA9240D537C00AE7345 = {
			isa = PBXGroup;
			children = (
				55CCAFB4240D537C00AE7345 /* Concurrency_in_iOS */,
				55CCAFB3240D537C00AE7345 /* Products */,
			);
			sourceTree = "<group>";
		};
		55CCAFB3240D537C00AE7345 /* Products */ = {
			isa = PBXGroup;
			children = (
				55CCAFB2240D537C00AE7345 /* Concurrency_in_iOS.app */,
			);
			name = Products;
			sourceTree = "<group>";
		};
		55CCAFB4240D537C00AE7345 /* Concurrency_in_iOS */ = {
			isa = PBXGroup;
			children = (
				55CCAFB5240D537C00AE7345 /* AppDelegate.swift */,
				55CCAFB7240D537C00AE7345 /* SceneDelegate.swift */,
				55CCAFCA240D55A400AE7345 /* NetworkLayer.swift */,
				55CCAFB9240D537C00AE7345 /* ViewController.swift */,
				55CCAFC9240D53EA00AE7345 /* resources */,
				55CCAFC3240D537D00AE7345 /* Info.plist */,
			);
			path = Concurrency_in_iOS;
			sourceTree = "<group>";
		};
		55CCAFC9240D53EA00AE7345 /* resources */ = {
			isa = PBXGroup;
			children = (
				55CCAFBB240D537C00AE7345 /* Main.storyboard */,
				55CCAFBE240D537D00AE7345 /* Assets.xcassets */,
				55CCAFC0240D537D00AE7345 /* LaunchScreen.storyboard */,
			);
			path = resources;
			sourceTree = "<group>";
		};
/* End PBXGroup section */

/* Begin PBXNativeTarget section */
		55CCAFB1240D537C00AE7345 /* Concurrency_in_iOS */ = {
			isa = PBXNativeTarget;
			buildConfigurationList = 55CCAFC6240D537D00AE7345 /* Build configuration list for PBXNativeTarget "Concurrency_in_iOS" */;
			buildPhases = (
				55CCAFAE240D537C00AE7345 /* Sources */,
				55CCAFAF240D537C00AE7345 /* Frameworks */,
				55CCAFB0240D537C00AE7345 /* Resources */,
			);
			buildRules = (
			);
			dependencies = (
			);
			name = Concurrency_in_iOS;
			productName = Concurrency_in_iOS;
			productReference = 55CCAFB2240D537C00AE7345 /* Concurrency_in_iOS.app */;
			productType = "com.apple.product-type.application";
		};
/* End PBXNativeTarget section */

/* Begin PBXProject section */
		55CCAFAA240D537C00AE7345 /* Project object */ = {
			isa = PBXProject;
			attributes = {
				LastSwiftUpdateCheck = 1120;
				LastUpgradeCheck = 1120;
				ORGANIZATIONNAME = "Ashis Laha";
				TargetAttributes = {
					55CCAFB1240D537C00AE7345 = {
						CreatedOnToolsVersion = 11.2.1;
					};
				};
			};
			buildConfigurationList = 55CCAFAD240D537C00AE7345 /* Build configuration list for PBXProject "Concurrency_in_iOS" */;
			compatibilityVersion = "Xcode 9.3";
			developmentRegion = en;
			hasScannedForEncodings = 0;
			knownRegions = (
				en,
				Base,
			);
			mainGroup = 55CCAFA9240D537C00AE7345;
			productRefGroup = 55CCAFB3240D537C00AE7345 /* Products */;
			projectDirPath = "";
			projectRoot = "";
			targets = (
				55CCAFB1240D537C00AE7345 /* Concurrency_in_iOS */,
			);
		};
/* End PBXProject section */

/* Begin PBXResourcesBuildPhase section */
		55CCAFB0240D537C00AE7345 /* Resources */ = {
			isa = PBXResourcesBuildPhase;
			buildActionMask = 2147483647;
			files = (
				55CCAFC2240D537D00AE7345 /* LaunchScreen.storyboard in Resources */,
				55CCAFBF240D537D00AE7345 /* Assets.xcassets in Resources */,
				55CCAFBD240D537C00AE7345 /* Main.storyboard in Resources */,
			);
			runOnlyForDeploymentPostprocessing = 0;
		};
/* End PBXResourcesBuildPhase section */

/* Begin PBXSourcesBuildPhase section */
		55CCAFAE240D537C00AE7345 /* Sources */ = {
			isa = PBXSourcesBuildPhase;
			buildActionMask = 2147483647;
			files = (
				55CCAFCB240D55A400AE7345 /* NetworkLayer.swift in Sources */,
				55CCAFBA240D537C00AE7345 /* ViewController.swift in Sources */,
				55CCAFB6240D537C00AE7345 /* AppDelegate.swift in Sources */,
				55CCAFB8240D537C00AE7345 /* SceneDelegate.swift in Sources */,
			);
			runOnlyForDeploymentPostprocessing = 0;
		};
/* End PBXSourcesBuildPhase section */

/* Begin PBXVariantGroup section */
		55CCAFBB240D537C00AE7345 /* Main.storyboard */ = {
			isa = PBXVariantGroup;
			children = (
				55CCAFBC240D537C00AE7345 /* Base */,
			);
			name = Main.storyboard;
			sourceTree = "<group>";
		};
		55CCAFC0240D537D00AE7345 /* LaunchScreen.storyboard */ = {
			isa = PBXVariantGroup;
			children = (
				55CCAFC1240D537D00AE7345 /* Base */,
			);
			name = LaunchScreen.storyboard;
			sourceTree = "<group>";
		};
/* End PBXVariantGroup section */

/* Begin XCBuildConfiguration section */
		55CCAFC4240D537D00AE7345 /* Debug */ = {
			isa = XCBuildConfiguration;
			buildSettings = {
				ALWAYS_SEARCH_USER_PATHS = NO;
				CLANG_ANALYZER_NONNULL = YES;
				CLANG_ANALYZER_NUMBER_OBJECT_CONVERSION = YES_AGGRESSIVE;
				CLANG_CXX_LANGUAGE_STANDARD = "gnu++14";
				CLANG_CXX_LIBRARY = "libc++";
				CLANG_ENABLE_MODULES = YES;
				CLANG_ENABLE_OBJC_ARC = YES;
				CLANG_ENABLE_OBJC_WEAK = YES;
				CLANG_WARN_BLOCK_CAPTURE_AUTORELEASING = YES;
				CLANG_WARN_BOOL_CONVERSION = YES;
				CLANG_WARN_COMMA = YES;
				CLANG_WARN_CONSTANT_CONVERSION = YES;
				CLANG_WARN_DEPRECATED_OBJC_IMPLEMENTATIONS = YES;
				CLANG_WARN_DIRECT_OBJC_ISA_USAGE = YES_ERROR;
				CLANG_WARN_DOCUMENTATION_COMMENTS = YES;
				CLANG_WARN_EMPTY_BODY = YES;
				CLANG_WARN_ENUM_CONVERSION = YES;
				CLANG_WARN_INFINITE_RECURSION = YES;
				CLANG_WARN_INT_CONVERSION = YES;
				CLANG_WARN_NON_LITERAL_NULL_CONVERSION = YES;
				CLANG_WARN_OBJC_IMPLICIT_RETAIN_SELF = YES;
				CLANG_WARN_OBJC_LITERAL_CONVERSION = YES;
				CLANG_WARN_OBJC_ROOT_CLASS = YES_ERROR;
				CLANG_WARN_RANGE_LOOP_ANALYSIS = YES;
				CLANG_WARN_STRICT_PROTOTYPES = YES;
				CLANG_WARN_SUSPICIOUS_MOVE = YES;
				CLANG_WARN_UNGUARDED_AVAILABILITY = YES_AGGRESSIVE;
				CLANG_WARN_UNREACHABLE_CODE = YES;
				CLANG_WARN__DUPLICATE_METHOD_MATCH = YES;
				COPY_PHASE_STRIP = NO;
				DEBUG_INFORMATION_FORMAT = dwarf;
				ENABLE_STRICT_OBJC_MSGSEND = YES;
				ENABLE_TESTABILITY = YES;
				GCC_C_LANGUAGE_STANDARD = gnu11;
				GCC_DYNAMIC_NO_PIC = NO;
				GCC_NO_COMMON_BLOCKS = YES;
				GCC_OPTIMIZATION_LEVEL = 0;
				GCC_PREPROCESSOR_DEFINITIONS = (
					"DEBUG=1",
					"$(inherited)",
				);
				GCC_WARN_64_TO_32_BIT_CONVERSION = YES;
				GCC_WARN_ABOUT_RETURN_TYPE = YES_ERROR;
				GCC_WARN_UNDECLARED_SELECTOR = YES;
				GCC_WARN_UNINITIALIZED_AUTOS = YES_AGGRESSIVE;
				GCC_WARN_UNUSED_FUNCTION = YES;
				GCC_WARN_UNUSED_VARIABLE = YES;
				IPHONEOS_DEPLOYMENT_TARGET = 13.2;
				MTL_ENABLE_DEBUG_INFO = INCLUDE_SOURCE;
				MTL_FAST_MATH = YES;
				ONLY_ACTIVE_ARCH = YES;
				SDKROOT = iphoneos;
				SWIFT_ACTIVE_COMPILATION_CONDITIONS = DEBUG;
				SWIFT_OPTIMIZATION_LEVEL = "-Onone";
			};
			name = Debug;
		};
		55CCAFC5240D537D00AE7345 /* Release */ = {
			isa = XCBuildConfiguration;
			buildSettings = {
				ALWAYS_SEARCH_USER_PATHS = NO;
				CLANG_ANALYZER_NONNULL = YES;
				CLANG_ANALYZER_NUMBER_OBJECT_CONVERSION = YES_AGGRESSIVE;
				CLANG_CXX_LANGUAGE_STANDARD = "gnu++14";
				CLANG_CXX_LIBRARY = "libc++";
				CLANG_ENABLE_MODULES = YES;
				CLANG_ENABLE_OBJC_ARC = YES;
				CLANG_ENABLE_OBJC_WEAK = YES;
				CLANG_WARN_BLOCK_CAPTURE_AUTORELEASING = YES;
				CLANG_WARN_BOOL_CONVERSION = YES;
				CLANG_WARN_COMMA = YES;
				CLANG_WARN_CONSTANT_CONVERSION = YES;
				CLANG_WARN_DEPRECATED_OBJC_IMPLEMENTATIONS = YES;
				CLANG_WARN_DIRECT_OBJC_ISA_USAGE = YES_ERROR;
				CLANG_WARN_DOCUMENTATION_COMMENTS = YES;
				CLANG_WARN_EMPTY_BODY = YES;
				CLANG_WARN_ENUM_CONVERSION = YES;
				CLANG_WARN_INFINITE_RECURSION = YES;
				CLANG_WARN_INT_CONVERSION = YES;
				CLANG_WARN_NON_LITERAL_NULL_CONVERSION = YES;
				CLANG_WARN_OBJC_IMPLICIT_RETAIN_SELF = YES;
				CLANG_WARN_OBJC_LITERAL_CONVERSION = YES;
				CLANG_WARN_OBJC_ROOT_CLASS = YES_ERROR;
				CLANG_WARN_RANGE_LOOP_ANALYSIS = YES;
				CLANG_WARN_STRICT_PROTOTYPES = YES;
				CLANG_WARN_SUSPICIOUS_MOVE = YES;
				CLANG_WARN_UNGUARDED_AVAILABILITY = YES_AGGRESSIVE;
				CLANG_WARN_UNREACHABLE_CODE = YES;
				CLANG_WARN__DUPLICATE_METHOD_MATCH = YES;
				COPY_PHASE_STRIP = NO;
				DEBUG_INFORMATION_FORMAT = "dwarf-with-dsym";
				ENABLE_NS_ASSERTIONS = NO;
				ENABLE_STRICT_OBJC_MSGSEND = YES;
				GCC_C_LANGUAGE_STANDARD = gnu11;
				GCC_NO_COMMON_BLOCKS = YES;
				GCC_WARN_64_TO_32_BIT_CONVERSION = YES;
				GCC_WARN_ABOUT_RETURN_TYPE = YES_ERROR;
				GCC_WARN_UNDECLARED_SELECTOR = YES;
				GCC_WARN_UNINITIALIZED_AUTOS = YES_AGGRESSIVE;
				GCC_WARN_UNUSED_FUNCTION = YES;
				GCC_WARN_UNUSED_VARIABLE = YES;
				IPHONEOS_DEPLOYMENT_TARGET = 13.2;
				MTL_ENABLE_DEBUG_INFO = NO;
				MTL_FAST_MATH = YES;
				SDKROOT = iphoneos;
				SWIFT_COMPILATION_MODE = wholemodule;
				SWIFT_OPTIMIZATION_LEVEL = "-O";
				VALIDATE_PRODUCT = YES;
			};
			name = Release;
		};
		55CCAFC7240D537D00AE7345 /* Debug */ = {
			isa = XCBuildConfiguration;
			buildSettings = {
				ASSETCATALOG_COMPILER_APPICON_NAME = AppIcon;
				CODE_SIGN_STYLE = Automatic;
				INFOPLIST_FILE = Concurrency_in_iOS/Info.plist;
				LD_RUNPATH_SEARCH_PATHS = (
					"$(inherited)",
					"@executable_path/Frameworks",
				);
				PRODUCT_BUNDLE_IDENTIFIER = "com.ashis.laha.Concurrency-in-iOS";
				PRODUCT_NAME = "$(TARGET_NAME)";
				SWIFT_VERSION = 5.0;
				TARGETED_DEVICE_FAMILY = "1,2";
			};
			name = Debug;
		};
		55CCAFC8240D537D00AE7345 /* Release */ = {
			isa = XCBuildConfiguration;
			buildSettings = {
				ASSETCATALOG_COMPILER_APPICON_NAME = AppIcon;
				CODE_SIGN_STYLE = Automatic;
				INFOPLIST_FILE = Concurrency_in_iOS/Info.plist;
				LD_RUNPATH_SEARCH_PATHS = (
					"$(inherited)",
					"@executable_path/Frameworks",
				);
				PRODUCT_BUNDLE_IDENTIFIER = "com.ashis.laha.Concurrency-in-iOS";
				PRODUCT_NAME = "$(TARGET_NAME)";
				SWIFT_VERSION = 5.0;
				TARGETED_DEVICE_FAMILY = "1,2";
			};
			name = Release;
		};
/* End XCBuildConfiguration section */

/* Begin XCConfigurationList section */
		55CCAFAD240D537C00AE7345 /* Build configuration list for PBXProject "Concurrency_in_iOS" */ = {
			isa = XCConfigurationList;
			buildConfigurations = (
				55CCAFC4240D537D00AE7345 /* Debug */,
				55CCAFC5240D537D00AE7345 /* Release */,
			);
			defaultConfigurationIsVisible = 0;
			defaultConfigurationName = Release;
		};
		55CCAFC6240D537D00AE7345 /* Build configuration list for PBXNativeTarget "Concurrency_in_iOS" */ = {
			isa = XCConfigurationList;
			buildConfigurations = (
				55CCAFC7240D537D00AE7345 /* Debug */,
				55CCAFC8240D537D00AE7345 /* Release */,
			);
			defaultConfigurationIsVisible = 0;
			defaultConfigurationName = Release;
		};
/* End XCConfigurationList section */
	};
	rootObject = 55CCAFAA240D537C00AE7345 /* Project object */;
}
